
Microsoft Visual Studio Solution File, Format Version 12.00
# Visual Studio Version 16
VisualStudioVersion = 16.0.29306.81
MinimumVisualStudioVersion = 10.0.40219.1
Project("{2150E333-8FDC-42A3-9474-1A3956D46DE8}") = "01. Solution Items", "01. Solution Items", "{83BAC6DB-AF54-4978-A70F-D84761E606E1}"
	ProjectSection(SolutionItems) = preProject
		src\Plato.Core.licenseheader = src\Plato.Core.licenseheader
		README.md = README.md
	EndProjectSection
EndProject
Project("{2150E333-8FDC-42A3-9474-1A3956D46DE8}") = "02. Packages", "02. Packages", "{2BE82DBC-F069-4D8F-90C0-BA7F1C4A8632}"
EndProject
Project("{2150E333-8FDC-42A3-9474-1A3956D46DE8}") = "03. Plato.TestHarness", "03. Plato.TestHarness", "{81D2A775-A462-421D-8D3D-4FDF16C2425B}"
EndProject
Project("{9A19103F-16F7-4668-BE54-9A1E7A4F7556}") = "Plato", "src\Plato\Plato.csproj", "{578114EE-F3BB-4A65-93F1-697C101690C0}"
EndProject
Project("{9A19103F-16F7-4668-BE54-9A1E7A4F7556}") = "Plato.Cache", "src\Plato.Cache\Plato.Cache.csproj", "{53738AA7-CF4D-4D37-B663-8CA175D831EF}"
EndProject
Project("{9A19103F-16F7-4668-BE54-9A1E7A4F7556}") = "Plato.Async", "src\Plato.Async\Plato.Async.csproj", "{311162C8-F335-4C1B-AC4E-CFB423D3A687}"
EndProject
Project("{9A19103F-16F7-4668-BE54-9A1E7A4F7556}") = "Plato.Redis", "src\Plato.Redis\Plato.Redis.csproj", "{7BDD9BF5-92C1-4093-9C74-46F42D2094CA}"
EndProject
Project("{9A19103F-16F7-4668-BE54-9A1E7A4F7556}") = "Plato.TestHarness", "src\Plato.TestHarness\Plato.TestHarness.csproj", "{05178A78-6BDC-4291-9DA1-C97E9B9D4390}"
EndProject
Project("{9A19103F-16F7-4668-BE54-9A1E7A4F7556}") = "Plato.Serializers", "src\Plato.Serializers\Plato.Serializers.csproj", "{C57622C5-8704-4701-B5AD-4507390467E9}"
EndProject
Project("{9A19103F-16F7-4668-BE54-9A1E7A4F7556}") = "Plato.Messaging", "src\Plato.Messaging\Plato.Messaging.csproj", "{C9174D98-9D8A-41DD-B8BD-580B6BEF8660}"
EndProject
Project("{9A19103F-16F7-4668-BE54-9A1E7A4F7556}") = "Plato.Configuration", "src\Plato.Configuration\Plato.Configuration.csproj", "{F292E483-BDB5-49FD-9CB6-C68C37D44479}"
EndProject
Project("{9A19103F-16F7-4668-BE54-9A1E7A4F7556}") = "Plato.Messaging.RMQ", "src\Plato.Messaging.RMQ\Plato.Messaging.RMQ.csproj", "{114413B4-40E6-479B-AB1E-C040B2C14662}"
EndProject
Project("{9A19103F-16F7-4668-BE54-9A1E7A4F7556}") = "Plato.Messaging.AMQ", "src\Plato.Messaging.AMQ\Plato.Messaging.AMQ.csproj", "{93906F63-8867-4829-92F7-205D8A64116C}"
EndProject
Project("{9A19103F-16F7-4668-BE54-9A1E7A4F7556}") = "Plato.Security", "src\Plato.Security\Plato.Security.csproj", "{A4872741-6AFE-4978-8E7A-B2004837AC8D}"
EndProject
Project("{9A19103F-16F7-4668-BE54-9A1E7A4F7556}") = "Plato.WebTestHarness", "src\Plato.WebTestHarness\Plato.WebTestHarness.csproj", "{7BDEE909-D3FB-4668-9DF4-E07217AE92BE}"
EndProject
Project("{9A19103F-16F7-4668-BE54-9A1E7A4F7556}") = "Plato.Autofac", "src\Plato.Autofac\Plato.Autofac.csproj", "{89BD0105-BAE9-4FAD-A79E-01972883A822}"
EndProject
Project("{9A19103F-16F7-4668-BE54-9A1E7A4F7556}") = "Plato.ExceptionIntercepts", "src\Plato.ExceptionIntercepts\Plato.ExceptionIntercepts.csproj", "{03A51385-9F87-46BE-90CD-9A96F79AA9C7}"
EndProject
Global
	GlobalSection(SolutionConfigurationPlatforms) = preSolution
		Debug|Any CPU = Debug|Any CPU
		Release|Any CPU = Release|Any CPU
	EndGlobalSection
	GlobalSection(ProjectConfigurationPlatforms) = postSolution
		{578114EE-F3BB-4A65-93F1-697C101690C0}.Debug|Any CPU.ActiveCfg = Debug|Any CPU
		{578114EE-F3BB-4A65-93F1-697C101690C0}.Debug|Any CPU.Build.0 = Debug|Any CPU
		{578114EE-F3BB-4A65-93F1-697C101690C0}.Release|Any CPU.ActiveCfg = Release|Any CPU
		{578114EE-F3BB-4A65-93F1-697C101690C0}.Release|Any CPU.Build.0 = Release|Any CPU
		{53738AA7-CF4D-4D37-B663-8CA175D831EF}.Debug|Any CPU.ActiveCfg = Debug|Any CPU
		{53738AA7-CF4D-4D37-B663-8CA175D831EF}.Debug|Any CPU.Build.0 = Debug|Any CPU
		{53738AA7-CF4D-4D37-B663-8CA175D831EF}.Release|Any CPU.ActiveCfg = Release|Any CPU
		{53738AA7-CF4D-4D37-B663-8CA175D831EF}.Release|Any CPU.Build.0 = Release|Any CPU
		{311162C8-F335-4C1B-AC4E-CFB423D3A687}.Debug|Any CPU.ActiveCfg = Debug|Any CPU
		{311162C8-F335-4C1B-AC4E-CFB423D3A687}.Debug|Any CPU.Build.0 = Debug|Any CPU
		{311162C8-F335-4C1B-AC4E-CFB423D3A687}.Release|Any CPU.ActiveCfg = Release|Any CPU
		{311162C8-F335-4C1B-AC4E-CFB423D3A687}.Release|Any CPU.Build.0 = Release|Any CPU
		{7BDD9BF5-92C1-4093-9C74-46F42D2094CA}.Debug|Any CPU.ActiveCfg = Debug|Any CPU
		{7BDD9BF5-92C1-4093-9C74-46F42D2094CA}.Debug|Any CPU.Build.0 = Debug|Any CPU
		{7BDD9BF5-92C1-4093-9C74-46F42D2094CA}.Release|Any CPU.ActiveCfg = Release|Any CPU
		{7BDD9BF5-92C1-4093-9C74-46F42D2094CA}.Release|Any CPU.Build.0 = Release|Any CPU
		{05178A78-6BDC-4291-9DA1-C97E9B9D4390}.Debug|Any CPU.ActiveCfg = Debug|Any CPU
		{05178A78-6BDC-4291-9DA1-C97E9B9D4390}.Debug|Any CPU.Build.0 = Debug|Any CPU
		{05178A78-6BDC-4291-9DA1-C97E9B9D4390}.Release|Any CPU.ActiveCfg = Release|Any CPU
		{05178A78-6BDC-4291-9DA1-C97E9B9D4390}.Release|Any CPU.Build.0 = Release|Any CPU
		{C57622C5-8704-4701-B5AD-4507390467E9}.Debug|Any CPU.ActiveCfg = Debug|Any CPU
		{C57622C5-8704-4701-B5AD-4507390467E9}.Debug|Any CPU.Build.0 = Debug|Any CPU
		{C57622C5-8704-4701-B5AD-4507390467E9}.Release|Any CPU.ActiveCfg = Release|Any CPU
		{C57622C5-8704-4701-B5AD-4507390467E9}.Release|Any CPU.Build.0 = Release|Any CPU
		{C9174D98-9D8A-41DD-B8BD-580B6BEF8660}.Debug|Any CPU.ActiveCfg = Debug|Any CPU
		{C9174D98-9D8A-41DD-B8BD-580B6BEF8660}.Debug|Any CPU.Build.0 = Debug|Any CPU
		{C9174D98-9D8A-41DD-B8BD-580B6BEF8660}.Release|Any CPU.ActiveCfg = Release|Any CPU
		{C9174D98-9D8A-41DD-B8BD-580B6BEF8660}.Release|Any CPU.Build.0 = Release|Any CPU
		{F292E483-BDB5-49FD-9CB6-C68C37D44479}.Debug|Any CPU.ActiveCfg = Debug|Any CPU
		{F292E483-BDB5-49FD-9CB6-C68C37D44479}.Debug|Any CPU.Build.0 = Debug|Any CPU
		{F292E483-BDB5-49FD-9CB6-C68C37D44479}.Release|Any CPU.ActiveCfg = Release|Any CPU
		{F292E483-BDB5-49FD-9CB6-C68C37D44479}.Release|Any CPU.Build.0 = Release|Any CPU
		{114413B4-40E6-479B-AB1E-C040B2C14662}.Debug|Any CPU.ActiveCfg = Debug|Any CPU
		{114413B4-40E6-479B-AB1E-C040B2C14662}.Debug|Any CPU.Build.0 = Debug|Any CPU
		{114413B4-40E6-479B-AB1E-C040B2C14662}.Release|Any CPU.ActiveCfg = Release|Any CPU
		{114413B4-40E6-479B-AB1E-C040B2C14662}.Release|Any CPU.Build.0 = Release|Any CPU
		{93906F63-8867-4829-92F7-205D8A64116C}.Debug|Any CPU.ActiveCfg = Debug|Any CPU
		{93906F63-8867-4829-92F7-205D8A64116C}.Debug|Any CPU.Build.0 = Debug|Any CPU
		{93906F63-8867-4829-92F7-205D8A64116C}.Release|Any CPU.ActiveCfg = Release|Any CPU
		{93906F63-8867-4829-92F7-205D8A64116C}.Release|Any CPU.Build.0 = Release|Any CPU
		{A4872741-6AFE-4978-8E7A-B2004837AC8D}.Debug|Any CPU.ActiveCfg = Debug|Any CPU
		{A4872741-6AFE-4978-8E7A-B2004837AC8D}.Debug|Any CPU.Build.0 = Debug|Any CPU
		{A4872741-6AFE-4978-8E7A-B2004837AC8D}.Release|Any CPU.ActiveCfg = Release|Any CPU
		{A4872741-6AFE-4978-8E7A-B2004837AC8D}.Release|Any CPU.Build.0 = Release|Any CPU
		{7BDEE909-D3FB-4668-9DF4-E07217AE92BE}.Debug|Any CPU.ActiveCfg = Debug|Any CPU
		{7BDEE909-D3FB-4668-9DF4-E07217AE92BE}.Debug|Any CPU.Build.0 = Debug|Any CPU
		{7BDEE909-D3FB-4668-9DF4-E07217AE92BE}.Release|Any CPU.ActiveCfg = Release|Any CPU
		{7BDEE909-D3FB-4668-9DF4-E07217AE92BE}.Release|Any CPU.Build.0 = Release|Any CPU
		{89BD0105-BAE9-4FAD-A79E-01972883A822}.Debug|Any CPU.ActiveCfg = Debug|Any CPU
		{89BD0105-BAE9-4FAD-A79E-01972883A822}.Debug|Any CPU.Build.0 = Debug|Any CPU
		{89BD0105-BAE9-4FAD-A79E-01972883A822}.Release|Any CPU.ActiveCfg = Release|Any CPU
		{89BD0105-BAE9-4FAD-A79E-01972883A822}.Release|Any CPU.Build.0 = Release|Any CPU
		{03A51385-9F87-46BE-90CD-9A96F79AA9C7}.Debug|Any CPU.ActiveCfg = Debug|Any CPU
		{03A51385-9F87-46BE-90CD-9A96F79AA9C7}.Debug|Any CPU.Build.0 = Debug|Any CPU
		{03A51385-9F87-46BE-90CD-9A96F79AA9C7}.Release|Any CPU.ActiveCfg = Release|Any CPU
		{03A51385-9F87-46BE-90CD-9A96F79AA9C7}.Release|Any CPU.Build.0 = Release|Any CPU
	EndGlobalSection
	GlobalSection(SolutionProperties) = preSolution
		HideSolutionNode = FALSE
	EndGlobalSection
	GlobalSection(NestedProjects) = preSolution
		{578114EE-F3BB-4A65-93F1-697C101690C0} = {2BE82DBC-F069-4D8F-90C0-BA7F1C4A8632}
		{53738AA7-CF4D-4D37-B663-8CA175D831EF} = {2BE82DBC-F069-4D8F-90C0-BA7F1C4A8632}
		{311162C8-F335-4C1B-AC4E-CFB423D3A687} = {2BE82DBC-F069-4D8F-90C0-BA7F1C4A8632}
		{7BDD9BF5-92C1-4093-9C74-46F42D2094CA} = {2BE82DBC-F069-4D8F-90C0-BA7F1C4A8632}
		{05178A78-6BDC-4291-9DA1-C97E9B9D4390} = {81D2A775-A462-421D-8D3D-4FDF16C2425B}
		{C57622C5-8704-4701-B5AD-4507390467E9} = {2BE82DBC-F069-4D8F-90C0-BA7F1C4A8632}
		{C9174D98-9D8A-41DD-B8BD-580B6BEF8660} = {2BE82DBC-F069-4D8F-90C0-BA7F1C4A8632}
		{F292E483-BDB5-49FD-9CB6-C68C37D44479} = {2BE82DBC-F069-4D8F-90C0-BA7F1C4A8632}
		{114413B4-40E6-479B-AB1E-C040B2C14662} = {2BE82DBC-F069-4D8F-90C0-BA7F1C4A8632}
		{93906F63-8867-4829-92F7-205D8A64116C} = {2BE82DBC-F069-4D8F-90C0-BA7F1C4A8632}
		{A4872741-6AFE-4978-8E7A-B2004837AC8D} = {2BE82DBC-F069-4D8F-90C0-BA7F1C4A8632}
		{7BDEE909-D3FB-4668-9DF4-E07217AE92BE} = {81D2A775-A462-421D-8D3D-4FDF16C2425B}
		{89BD0105-BAE9-4FAD-A79E-01972883A822} = {2BE82DBC-F069-4D8F-90C0-BA7F1C4A8632}
		{03A51385-9F87-46BE-90CD-9A96F79AA9C7} = {2BE82DBC-F069-4D8F-90C0-BA7F1C4A8632}
	EndGlobalSection
	GlobalSection(ExtensibilityGlobals) = postSolution
		SolutionGuid = {E5E762F8-B6A5-4940-BAC1-4DF4207C9583}
	EndGlobalSection
EndGlobal
