
Microsoft Visual Studio Solution File, Format Version 12.00
# Visual Studio 15
VisualStudioVersion = 15.0.28307.271
MinimumVisualStudioVersion = 10.0.40219.1
Project("{2150E333-8FDC-42A3-9474-1A3956D46DE8}") = "01. Solution Items", "01. Solution Items", "{83BAC6DB-AF54-4978-A70F-D84761E606E1}"
	ProjectSection(SolutionItems) = preProject
		src\Plato.NET.licenseheader = src\Plato.NET.licenseheader
		README.md = README.md
	EndProjectSection
EndProject
Project("{2150E333-8FDC-42A3-9474-1A3956D46DE8}") = "02. Packages", "02. Packages", "{2BE82DBC-F069-4D8F-90C0-BA7F1C4A8632}"
EndProject
Project("{2150E333-8FDC-42A3-9474-1A3956D46DE8}") = "03. Plato.TestHarness", "03. Plato.TestHarness", "{81D2A775-A462-421D-8D3D-4FDF16C2425B}"
EndProject
Project("{9A19103F-16F7-4668-BE54-9A1E7A4F7556}") = "Plato", "src\Plato\Plato.csproj", "{578114EE-F3BB-4A65-93F1-697C101690C0}"
EndProject
Global
	GlobalSection(SolutionConfigurationPlatforms) = preSolution
		Debug|Any CPU = Debug|Any CPU
		Release|Any CPU = Release|Any CPU
	EndGlobalSection
	GlobalSection(ProjectConfigurationPlatforms) = postSolution
		{578114EE-F3BB-4A65-93F1-697C101690C0}.Debug|Any CPU.ActiveCfg = Debug|Any CPU
		{578114EE-F3BB-4A65-93F1-697C101690C0}.Debug|Any CPU.Build.0 = Debug|Any CPU
		{578114EE-F3BB-4A65-93F1-697C101690C0}.Release|Any CPU.ActiveCfg = Release|Any CPU
		{578114EE-F3BB-4A65-93F1-697C101690C0}.Release|Any CPU.Build.0 = Release|Any CPU
	EndGlobalSection
	GlobalSection(SolutionProperties) = preSolution
		HideSolutionNode = FALSE
	EndGlobalSection
	GlobalSection(NestedProjects) = preSolution
		{578114EE-F3BB-4A65-93F1-697C101690C0} = {2BE82DBC-F069-4D8F-90C0-BA7F1C4A8632}
	EndGlobalSection
	GlobalSection(ExtensibilityGlobals) = postSolution
		SolutionGuid = {E5E762F8-B6A5-4940-BAC1-4DF4207C9583}
	EndGlobalSection
EndGlobal
